{
  "name": "test-clone-deep-js",
  "version": "1.0.0",
  "lockfileVersion": 1,
  "requires": true,
  "dependencies": {
    "clone-deep-js": {
      "version": "1.0.0",
      "resolved": "https://registry.npmjs.org/clone-deep-js/-/clone-deep-js-1.0.0.tgz",
      "integrity": "sha512-fk3P1CpRf1uZ1X5uu471dHp5GHA3n1pRoZ33qlPY7lw5OkhHAuqVuyueODQhALaGw9+9BTWRByV1Bqr9jSJBFg=="
    }
  }
}
