{
  "name": "test-clone-deep-js",
  "version": "1.0.0",
  "lockfileVersion": 1,
  "requires": true,
  "dependencies": {
    "clone-deep-js": {
      "version": "1.0.1",
      "resolved": "https://registry.npmjs.org/clone-deep-js/-/clone-deep-js-1.0.1.tgz",
      "integrity": "sha512-o7NA1BNvr3Cu96gq0wP3hetl4qJPwMSjHIAgLGchTbl98jilS3vmnn93G3Yry2/5xWckx92oeQibpprur00IyA=="
    }
  }
}
